PODS:
  - boost (1.76.0)
  - DoubleConversion (1.1.6)
  - FBLazyVector (0.70.10)
  - FBReactNativeSpec (0.70.10):
    - RCT-Folly (= 2021.07.22.00)
    - RCTRequired (= 0.70.10)
    - RCTTypeSafety (= 0.70.10)
    - React-Core (= 0.70.10)
    - React-jsi (= 0.70.10)
    - ReactCommon/turbomodule/core (= 0.70.10)
  - fmt (6.2.1)
  - glog (0.3.5)
  - hermes-engine (0.70.10)
  - libevent (2.1.12)
  - RCT-Folly (2021.07.22.00):
    - boost
    - DoubleConversion
    - fmt (~> 6.2.1)
    - glog
    - RCT-Folly/Default (= 2021.07.22.00)
  - RCT-Folly/Default (2021.07.22.00):
    - boost
    - DoubleConversion
    - fmt (~> 6.2.1)
    - glog
  - RCT-Folly/Fabric (2021.07.22.00):
    - boost
    - DoubleConversion
    - fmt (~> 6.2.1)
    - glog
  - RCT-Folly/Futures (2021.07.22.00):
    - boost
    - DoubleConversion
    - fmt (~> 6.2.1)
    - glog
    - libevent
  - RCTRequired (0.70.10)
  - RCTTypeSafety (0.70.10):
    - FBLazyVector (= 0.70.10)
    - RCTRequired (= 0.70.10)
    - React-Core (= 0.70.10)
  - React (0.70.10):
    - React-Core (= 0.70.10)
    - React-Core/DevSupport (= 0.70.10)
    - React-Core/RCTWebSocket (= 0.70.10)
    - React-RCTActionSheet (= 0.70.10)
    - React-RCTAnimation (= 0.70.10)
    - React-RCTBlob (= 0.70.10)
    - React-RCTImage (= 0.70.10)
    - React-RCTLinking (= 0.70.10)
    - React-RCTNetwork (= 0.70.10)
    - React-RCTSettings (= 0.70.10)
    - React-RCTText (= 0.70.10)
    - React-RCTVibration (= 0.70.10)
  - React-bridging (0.70.10):
    - RCT-Folly (= 2021.07.22.00)
    - React-jsi (= 0.70.10)
  - React-callinvoker (0.70.10)
  - React-Codegen (0.70.10):
    - FBReactNativeSpec (= 0.70.10)
    - RCT-Folly (= 2021.07.22.00)
    - RCTRequired (= 0.70.10)
    - RCTTypeSafety (= 0.70.10)
    - React-Core (= 0.70.10)
    - React-graphics (= 0.70.10)
    - React-jsi (= 0.70.10)
    - React-jsiexecutor (= 0.70.10)
    - React-rncore (= 0.70.10)
    - ReactCommon/turbomodule/core (= 0.70.10)
  - React-Core (0.70.10):
    - glog
    - RCT-Folly (= 2021.07.22.00)
    - React-Core/Default (= 0.70.10)
    - React-cxxreact (= 0.70.10)
    - React-jsi (= 0.70.10)
    - React-jsiexecutor (= 0.70.10)
    - React-perflogger (= 0.70.10)
    - Yoga
  - React-Core/CoreModulesHeaders (0.70.10):
    - glog
    - RCT-Folly (= 2021.07.22.00)
    - React-Core/Default
    - React-cxxreact (= 0.70.10)
    - React-jsi (= 0.70.10)
    - React-jsiexecutor (= 0.70.10)
    - React-perflogger (= 0.70.10)
    - Yoga
  - React-Core/Default (0.70.10):
    - glog
    - RCT-Folly (= 2021.07.22.00)
    - React-cxxreact (= 0.70.10)
    - React-jsi (= 0.70.10)
    - React-jsiexecutor (= 0.70.10)
    - React-perflogger (= 0.70.10)
    - Yoga
  - React-Core/DevSupport (0.70.10):
    - glog
    - RCT-Folly (= 2021.07.22.00)
    - React-Core/Default (= 0.70.10)
    - React-Core/RCTWebSocket (= 0.70.10)
    - React-cxxreact (= 0.70.10)
    - React-jsi (= 0.70.10)
    - React-jsiexecutor (= 0.70.10)
    - React-jsinspector (= 0.70.10)
    - React-perflogger (= 0.70.10)
    - Yoga
  - React-Core/RCTActionSheetHeaders (0.70.10):
    - glog
    - RCT-Folly (= 2021.07.22.00)
    - React-Core/Default
    - React-cxxreact (= 0.70.10)
    - React-jsi (= 0.70.10)
    - React-jsiexecutor (= 0.70.10)
    - React-perflogger (= 0.70.10)
    - Yoga
  - React-Core/RCTAnimationHeaders (0.70.10):
    - glog
    - RCT-Folly (= 2021.07.22.00)
    - React-Core/Default
    - React-cxxreact (= 0.70.10)
    - React-jsi (= 0.70.10)
    - React-jsiexecutor (= 0.70.10)
    - React-perflogger (= 0.70.10)
    - Yoga
  - React-Core/RCTBlobHeaders (0.70.10):
    - glog
    - RCT-Folly (= 2021.07.22.00)
    - React-Core/Default
    - React-cxxreact (= 0.70.10)
    - React-jsi (= 0.70.10)
    - React-jsiexecutor (= 0.70.10)
    - React-perflogger (= 0.70.10)
    - Yoga
  - React-Core/RCTImageHeaders (0.70.10):
    - glog
    - RCT-Folly (= 2021.07.22.00)
    - React-Core/Default
    - React-cxxreact (= 0.70.10)
    - React-jsi (= 0.70.10)
    - React-jsiexecutor (= 0.70.10)
    - React-perflogger (= 0.70.10)
    - Yoga
  - React-Core/RCTLinkingHeaders (0.70.10):
    - glog
    - RCT-Folly (= 2021.07.22.00)
    - React-Core/Default
    - React-cxxreact (= 0.70.10)
    - React-jsi (= 0.70.10)
    - React-jsiexecutor (= 0.70.10)
    - React-perflogger (= 0.70.10)
    - Yoga
  - React-Core/RCTNetworkHeaders (0.70.10):
    - glog
    - RCT-Folly (= 2021.07.22.00)
    - React-Core/Default
    - React-cxxreact (= 0.70.10)
    - React-jsi (= 0.70.10)
    - React-jsiexecutor (= 0.70.10)
    - React-perflogger (= 0.70.10)
    - Yoga
  - React-Core/RCTSettingsHeaders (0.70.10):
    - glog
    - RCT-Folly (= 2021.07.22.00)
    - React-Core/Default
    - React-cxxreact (= 0.70.10)
    - React-jsi (= 0.70.10)
    - React-jsiexecutor (= 0.70.10)
    - React-perflogger (= 0.70.10)
    - Yoga
  - React-Core/RCTTextHeaders (0.70.10):
    - glog
    - RCT-Folly (= 2021.07.22.00)
    - React-Core/Default
    - React-cxxreact (= 0.70.10)
    - React-jsi (= 0.70.10)
    - React-jsiexecutor (= 0.70.10)
    - React-perflogger (= 0.70.10)
    - Yoga
  - React-Core/RCTVibrationHeaders (0.70.10):
    - glog
    - RCT-Folly (= 2021.07.22.00)
    - React-Core/Default
    - React-cxxreact (= 0.70.10)
    - React-jsi (= 0.70.10)
    - React-jsiexecutor (= 0.70.10)
    - React-perflogger (= 0.70.10)
    - Yoga
  - React-Core/RCTWebSocket (0.70.10):
    - glog
    - RCT-Folly (= 2021.07.22.00)
    - React-Core/Default (= 0.70.10)
    - React-cxxreact (= 0.70.10)
    - React-jsi (= 0.70.10)
    - React-jsiexecutor (= 0.70.10)
    - React-perflogger (= 0.70.10)
    - Yoga
  - React-CoreModules (0.70.10):
    - RCT-Folly (= 2021.07.22.00)
    - RCTTypeSafety (= 0.70.10)
    - React-Codegen (= 0.70.10)
    - React-Core/CoreModulesHeaders (= 0.70.10)
    - React-jsi (= 0.70.10)
    - React-RCTImage (= 0.70.10)
    - ReactCommon/turbomodule/core (= 0.70.10)
  - React-cxxreact (0.70.10):
    - boost (= 1.76.0)
    - DoubleConversion
    - glog
    - RCT-Folly (= 2021.07.22.00)
    - React-callinvoker (= 0.70.10)
    - React-jsi (= 0.70.10)
    - React-jsinspector (= 0.70.10)
    - React-logger (= 0.70.10)
    - React-perflogger (= 0.70.10)
    - React-runtimeexecutor (= 0.70.10)
  - React-Fabric (0.70.10):
    - RCT-Folly/Fabric (= 2021.07.22.00)
    - RCTRequired (= 0.70.10)
    - RCTTypeSafety (= 0.70.10)
    - React-Fabric/animations (= 0.70.10)
    - React-Fabric/attributedstring (= 0.70.10)
    - React-Fabric/butter (= 0.70.10)
    - React-Fabric/componentregistry (= 0.70.10)
    - React-Fabric/componentregistrynative (= 0.70.10)
    - React-Fabric/components (= 0.70.10)
    - React-Fabric/config (= 0.70.10)
    - React-Fabric/core (= 0.70.10)
    - React-Fabric/debug_core (= 0.70.10)
    - React-Fabric/debug_renderer (= 0.70.10)
    - React-Fabric/imagemanager (= 0.70.10)
    - React-Fabric/leakchecker (= 0.70.10)
    - React-Fabric/mounting (= 0.70.10)
    - React-Fabric/runtimescheduler (= 0.70.10)
    - React-Fabric/scheduler (= 0.70.10)
    - React-Fabric/telemetry (= 0.70.10)
    - React-Fabric/templateprocessor (= 0.70.10)
    - React-Fabric/textlayoutmanager (= 0.70.10)
    - React-Fabric/uimanager (= 0.70.10)
    - React-Fabric/utils (= 0.70.10)
    - React-graphics (= 0.70.10)
    - React-jsi (= 0.70.10)
    - React-jsiexecutor (= 0.70.10)
    - ReactCommon/turbomodule/core (= 0.70.10)
  - React-Fabric/animations (0.70.10):
    - RCT-Folly/Fabric (= 2021.07.22.00)
    - RCTRequired (= 0.70.10)
    - RCTTypeSafety (= 0.70.10)
    - React-graphics (= 0.70.10)
    - React-jsi (= 0.70.10)
    - React-jsiexecutor (= 0.70.10)
    - ReactCommon/turbomodule/core (= 0.70.10)
  - React-Fabric/attributedstring (0.70.10):
    - RCT-Folly/Fabric (= 2021.07.22.00)
    - RCTRequired (= 0.70.10)
    - RCTTypeSafety (= 0.70.10)
    - React-graphics (= 0.70.10)
    - React-jsi (= 0.70.10)
    - React-jsiexecutor (= 0.70.10)
    - ReactCommon/turbomodule/core (= 0.70.10)
  - React-Fabric/butter (0.70.10):
    - RCT-Folly/Fabric (= 2021.07.22.00)
    - RCTRequired (= 0.70.10)
    - RCTTypeSafety (= 0.70.10)
    - React-graphics (= 0.70.10)
    - React-jsi (= 0.70.10)
    - React-jsiexecutor (= 0.70.10)
    - ReactCommon/turbomodule/core (= 0.70.10)
  - React-Fabric/componentregistry (0.70.10):
    - RCT-Folly/Fabric (= 2021.07.22.00)
    - RCTRequired (= 0.70.10)
    - RCTTypeSafety (= 0.70.10)
    - React-graphics (= 0.70.10)
    - React-jsi (= 0.70.10)
    - React-jsiexecutor (= 0.70.10)
    - ReactCommon/turbomodule/core (= 0.70.10)
  - React-Fabric/componentregistrynative (0.70.10):
    - RCT-Folly/Fabric (= 2021.07.22.00)
    - RCTRequired (= 0.70.10)
    - RCTTypeSafety (= 0.70.10)
    - React-graphics (= 0.70.10)
    - React-jsi (= 0.70.10)
    - React-jsiexecutor (= 0.70.10)
    - ReactCommon/turbomodule/core (= 0.70.10)
  - React-Fabric/components (0.70.10):
    - RCT-Folly/Fabric (= 2021.07.22.00)
    - RCTRequired (= 0.70.10)
    - RCTTypeSafety (= 0.70.10)
    - React-Fabric/components/activityindicator (= 0.70.10)
    - React-Fabric/components/image (= 0.70.10)
    - React-Fabric/components/inputaccessory (= 0.70.10)
    - React-Fabric/components/legacyviewmanagerinterop (= 0.70.10)
    - React-Fabric/components/modal (= 0.70.10)
    - React-Fabric/components/root (= 0.70.10)
    - React-Fabric/components/safeareaview (= 0.70.10)
    - React-Fabric/components/scrollview (= 0.70.10)
    - React-Fabric/components/slider (= 0.70.10)
    - React-Fabric/components/text (= 0.70.10)
    - React-Fabric/components/textinput (= 0.70.10)
    - React-Fabric/components/unimplementedview (= 0.70.10)
    - React-Fabric/components/view (= 0.70.10)
    - React-graphics (= 0.70.10)
    - React-jsi (= 0.70.10)
    - React-jsiexecutor (= 0.70.10)
    - ReactCommon/turbomodule/core (= 0.70.10)
  - React-Fabric/components/activityindicator (0.70.10):
    - RCT-Folly/Fabric (= 2021.07.22.00)
    - RCTRequired (= 0.70.10)
    - RCTTypeSafety (= 0.70.10)
    - React-graphics (= 0.70.10)
    - React-jsi (= 0.70.10)
    - React-jsiexecutor (= 0.70.10)
    - ReactCommon/turbomodule/core (= 0.70.10)
  - React-Fabric/components/image (0.70.10):
    - RCT-Folly/Fabric (= 2021.07.22.00)
    - RCTRequired (= 0.70.10)
    - RCTTypeSafety (= 0.70.10)
    - React-graphics (= 0.70.10)
    - React-jsi (= 0.70.10)
    - React-jsiexecutor (= 0.70.10)
    - ReactCommon/turbomodule/core (= 0.70.10)
  - React-Fabric/components/inputaccessory (0.70.10):
    - RCT-Folly/Fabric (= 2021.07.22.00)
    - RCTRequired (= 0.70.10)
    - RCTTypeSafety (= 0.70.10)
    - React-graphics (= 0.70.10)
    - React-jsi (= 0.70.10)
    - React-jsiexecutor (= 0.70.10)
    - ReactCommon/turbomodule/core (= 0.70.10)
  - React-Fabric/components/legacyviewmanagerinterop (0.70.10):
    - RCT-Folly/Fabric (= 2021.07.22.00)
    - RCTRequired (= 0.70.10)
    - RCTTypeSafety (= 0.70.10)
    - React-graphics (= 0.70.10)
    - React-jsi (= 0.70.10)
    - React-jsiexecutor (= 0.70.10)
    - ReactCommon/turbomodule/core (= 0.70.10)
  - React-Fabric/components/modal (0.70.10):
    - RCT-Folly/Fabric (= 2021.07.22.00)
    - RCTRequired (= 0.70.10)
    - RCTTypeSafety (= 0.70.10)
    - React-graphics (= 0.70.10)
    - React-jsi (= 0.70.10)
    - React-jsiexecutor (= 0.70.10)
    - ReactCommon/turbomodule/core (= 0.70.10)
  - React-Fabric/components/root (0.70.10):
    - RCT-Folly/Fabric (= 2021.07.22.00)
    - RCTRequired (= 0.70.10)
    - RCTTypeSafety (= 0.70.10)
    - React-graphics (= 0.70.10)
    - React-jsi (= 0.70.10)
    - React-jsiexecutor (= 0.70.10)
    - ReactCommon/turbomodule/core (= 0.70.10)
  - React-Fabric/components/safeareaview (0.70.10):
    - RCT-Folly/Fabric (= 2021.07.22.00)
    - RCTRequired (= 0.70.10)
    - RCTTypeSafety (= 0.70.10)
    - React-graphics (= 0.70.10)
    - React-jsi (= 0.70.10)
    - React-jsiexecutor (= 0.70.10)
    - ReactCommon/turbomodule/core (= 0.70.10)
  - React-Fabric/components/scrollview (0.70.10):
    - RCT-Folly/Fabric (= 2021.07.22.00)
    - RCTRequired (= 0.70.10)
    - RCTTypeSafety (= 0.70.10)
    - React-graphics (= 0.70.10)
    - React-jsi (= 0.70.10)
    - React-jsiexecutor (= 0.70.10)
    - ReactCommon/turbomodule/core (= 0.70.10)
  - React-Fabric/components/slider (0.70.10):
    - RCT-Folly/Fabric (= 2021.07.22.00)
    - RCTRequired (= 0.70.10)
    - RCTTypeSafety (= 0.70.10)
    - React-graphics (= 0.70.10)
    - React-jsi (= 0.70.10)
    - React-jsiexecutor (= 0.70.10)
    - ReactCommon/turbomodule/core (= 0.70.10)
  - React-Fabric/components/text (0.70.10):
    - RCT-Folly/Fabric (= 2021.07.22.00)
    - RCTRequired (= 0.70.10)
    - RCTTypeSafety (= 0.70.10)
    - React-graphics (= 0.70.10)
    - React-jsi (= 0.70.10)
    - React-jsiexecutor (= 0.70.10)
    - ReactCommon/turbomodule/core (= 0.70.10)
  - React-Fabric/components/textinput (0.70.10):
    - RCT-Folly/Fabric (= 2021.07.22.00)
    - RCTRequired (= 0.70.10)
    - RCTTypeSafety (= 0.70.10)
    - React-graphics (= 0.70.10)
    - React-jsi (= 0.70.10)
    - React-jsiexecutor (= 0.70.10)
    - ReactCommon/turbomodule/core (= 0.70.10)
  - React-Fabric/components/unimplementedview (0.70.10):
    - RCT-Folly/Fabric (= 2021.07.22.00)
    - RCTRequired (= 0.70.10)
    - RCTTypeSafety (= 0.70.10)
    - React-graphics (= 0.70.10)
    - React-jsi (= 0.70.10)
    - React-jsiexecutor (= 0.70.10)
    - ReactCommon/turbomodule/core (= 0.70.10)
  - React-Fabric/components/view (0.70.10):
    - RCT-Folly/Fabric (= 2021.07.22.00)
    - RCTRequired (= 0.70.10)
    - RCTTypeSafety (= 0.70.10)
    - React-graphics (= 0.70.10)
    - React-jsi (= 0.70.10)
    - React-jsiexecutor (= 0.70.10)
    - ReactCommon/turbomodule/core (= 0.70.10)
    - Yoga
  - React-Fabric/config (0.70.10):
    - RCT-Folly/Fabric (= 2021.07.22.00)
    - RCTRequired (= 0.70.10)
    - RCTTypeSafety (= 0.70.10)
    - React-graphics (= 0.70.10)
    - React-jsi (= 0.70.10)
    - React-jsiexecutor (= 0.70.10)
    - ReactCommon/turbomodule/core (= 0.70.10)
  - React-Fabric/core (0.70.10):
    - RCT-Folly/Fabric (= 2021.07.22.00)
    - RCTRequired (= 0.70.10)
    - RCTTypeSafety (= 0.70.10)
    - React-graphics (= 0.70.10)
    - React-jsi (= 0.70.10)
    - React-jsiexecutor (= 0.70.10)
    - ReactCommon/turbomodule/core (= 0.70.10)
  - React-Fabric/debug_core (0.70.10):
    - RCT-Folly/Fabric (= 2021.07.22.00)
    - RCTRequired (= 0.70.10)
    - RCTTypeSafety (= 0.70.10)
    - React-graphics (= 0.70.10)
    - React-jsi (= 0.70.10)
    - React-jsiexecutor (= 0.70.10)
    - ReactCommon/turbomodule/core (= 0.70.10)
  - React-Fabric/debug_renderer (0.70.10):
    - RCT-Folly/Fabric (= 2021.07.22.00)
    - RCTRequired (= 0.70.10)
    - RCTTypeSafety (= 0.70.10)
    - React-graphics (= 0.70.10)
    - React-jsi (= 0.70.10)
    - React-jsiexecutor (= 0.70.10)
    - ReactCommon/turbomodule/core (= 0.70.10)
  - React-Fabric/imagemanager (0.70.10):
    - RCT-Folly/Fabric (= 2021.07.22.00)
    - RCTRequired (= 0.70.10)
    - RCTTypeSafety (= 0.70.10)
    - React-graphics (= 0.70.10)
    - React-jsi (= 0.70.10)
    - React-jsiexecutor (= 0.70.10)
    - React-RCTImage (= 0.70.10)
    - ReactCommon/turbomodule/core (= 0.70.10)
  - React-Fabric/leakchecker (0.70.10):
    - RCT-Folly/Fabric (= 2021.07.22.00)
    - RCTRequired (= 0.70.10)
    - RCTTypeSafety (= 0.70.10)
    - React-graphics (= 0.70.10)
    - React-jsi (= 0.70.10)
    - React-jsiexecutor (= 0.70.10)
    - ReactCommon/turbomodule/core (= 0.70.10)
  - React-Fabric/mounting (0.70.10):
    - RCT-Folly/Fabric (= 2021.07.22.00)
    - RCTRequired (= 0.70.10)
    - RCTTypeSafety (= 0.70.10)
    - React-graphics (= 0.70.10)
    - React-jsi (= 0.70.10)
    - React-jsiexecutor (= 0.70.10)
    - ReactCommon/turbomodule/core (= 0.70.10)
  - React-Fabric/runtimescheduler (0.70.10):
    - RCT-Folly/Fabric (= 2021.07.22.00)
    - RCTRequired (= 0.70.10)
    - RCTTypeSafety (= 0.70.10)
    - React-graphics (= 0.70.10)
    - React-jsi (= 0.70.10)
    - React-jsiexecutor (= 0.70.10)
    - ReactCommon/turbomodule/core (= 0.70.10)
  - React-Fabric/scheduler (0.70.10):
    - RCT-Folly/Fabric (= 2021.07.22.00)
    - RCTRequired (= 0.70.10)
    - RCTTypeSafety (= 0.70.10)
    - React-graphics (= 0.70.10)
    - React-jsi (= 0.70.10)
    - React-jsiexecutor (= 0.70.10)
    - ReactCommon/turbomodule/core (= 0.70.10)
  - React-Fabric/telemetry (0.70.10):
    - RCT-Folly/Fabric (= 2021.07.22.00)
    - RCTRequired (= 0.70.10)
    - RCTTypeSafety (= 0.70.10)
    - React-graphics (= 0.70.10)
    - React-jsi (= 0.70.10)
    - React-jsiexecutor (= 0.70.10)
    - ReactCommon/turbomodule/core (= 0.70.10)
  - React-Fabric/templateprocessor (0.70.10):
    - RCT-Folly/Fabric (= 2021.07.22.00)
    - RCTRequired (= 0.70.10)
    - RCTTypeSafety (= 0.70.10)
    - React-graphics (= 0.70.10)
    - React-jsi (= 0.70.10)
    - React-jsiexecutor (= 0.70.10)
    - ReactCommon/turbomodule/core (= 0.70.10)
  - React-Fabric/textlayoutmanager (0.70.10):
    - RCT-Folly/Fabric (= 2021.07.22.00)
    - RCTRequired (= 0.70.10)
    - RCTTypeSafety (= 0.70.10)
    - React-Fabric/uimanager
    - React-graphics (= 0.70.10)
    - React-jsi (= 0.70.10)
    - React-jsiexecutor (= 0.70.10)
    - ReactCommon/turbomodule/core (= 0.70.10)
  - React-Fabric/uimanager (0.70.10):
    - RCT-Folly/Fabric (= 2021.07.22.00)
    - RCTRequired (= 0.70.10)
    - RCTTypeSafety (= 0.70.10)
    - React-graphics (= 0.70.10)
    - React-jsi (= 0.70.10)
    - React-jsiexecutor (= 0.70.10)
    - ReactCommon/turbomodule/core (= 0.70.10)
  - React-Fabric/utils (0.70.10):
    - RCT-Folly/Fabric (= 2021.07.22.00)
    - RCTRequired (= 0.70.10)
    - RCTTypeSafety (= 0.70.10)
    - React-graphics (= 0.70.10)
    - React-jsi (= 0.70.10)
    - React-jsiexecutor (= 0.70.10)
    - ReactCommon/turbomodule/core (= 0.70.10)
  - React-graphics (0.70.10):
    - RCT-Folly/Fabric (= 2021.07.22.00)
    - React-Core/Default (= 0.70.10)
  - React-hermes (0.70.10):
    - DoubleConversion
    - glog
    - hermes-engine
    - RCT-Folly (= 2021.07.22.00)
    - RCT-Folly/Futures (= 2021.07.22.00)
    - React-cxxreact (= 0.70.10)
    - React-jsi (= 0.70.10)
    - React-jsiexecutor (= 0.70.10)
    - React-jsinspector (= 0.70.10)
    - React-perflogger (= 0.70.10)
  - React-jsi (0.70.10):
    - boost (= 1.76.0)
    - DoubleConversion
    - glog
    - RCT-Folly (= 2021.07.22.00)
    - React-jsi/Default (= 0.70.10)
  - React-jsi/Default (0.70.10):
    - boost (= 1.76.0)
    - DoubleConversion
    - glog
    - RCT-Folly (= 2021.07.22.00)
  - React-jsi/Fabric (0.70.10):
    - boost (= 1.76.0)
    - DoubleConversion
    - glog
    - RCT-Folly (= 2021.07.22.00)
  - React-jsiexecutor (0.70.10):
    - DoubleConversion
    - glog
    - RCT-Folly (= 2021.07.22.00)
    - React-cxxreact (= 0.70.10)
    - React-jsi (= 0.70.10)
    - React-perflogger (= 0.70.10)
  - React-jsinspector (0.70.10)
  - React-logger (0.70.10):
    - glog
  - react-native-background-timer (2.4.1):
    - React-Core
  - react-native-geolocation (3.0.6):
    - RCT-Folly (= 2021.07.22.00)
    - RCTRequired
    - RCTTypeSafety
    - React-Codegen
    - React-Core
    - ReactCommon/turbomodule/core
  - react-native-safe-area-context (4.5.1):
    - RCT-Folly
    - RCTRequired
    - RCTTypeSafety
    - React-Core
    - react-native-safe-area-context/common (= 4.5.1)
    - react-native-safe-area-context/fabric (= 4.5.1)
    - ReactCommon/turbomodule/core
  - react-native-safe-area-context/common (4.5.1):
    - RCT-Folly
    - RCTRequired
    - RCTTypeSafety
    - React-Core
    - ReactCommon/turbomodule/core
  - react-native-safe-area-context/fabric (4.5.1):
    - RCT-Folly
    - RCTRequired
    - RCTTypeSafety
    - React-Codegen
    - React-Core
    - react-native-safe-area-context/common
    - React-RCTFabric
    - ReactCommon/turbomodule/core
  - React-perflogger (0.70.10)
  - React-RCTActionSheet (0.70.10):
    - React-Core/RCTActionSheetHeaders (= 0.70.10)
  - React-RCTAnimation (0.70.10):
    - RCT-Folly (= 2021.07.22.00)
    - RCTTypeSafety (= 0.70.10)
    - React-Codegen (= 0.70.10)
    - React-Core/RCTAnimationHeaders (= 0.70.10)
    - React-jsi (= 0.70.10)
    - ReactCommon/turbomodule/core (= 0.70.10)
  - React-RCTBlob (0.70.10):
    - RCT-Folly (= 2021.07.22.00)
    - React-Codegen (= 0.70.10)
    - React-Core/RCTBlobHeaders (= 0.70.10)
    - React-Core/RCTWebSocket (= 0.70.10)
    - React-jsi (= 0.70.10)
    - React-RCTNetwork (= 0.70.10)
    - ReactCommon/turbomodule/core (= 0.70.10)
  - React-RCTFabric (0.70.10):
    - RCT-Folly/Fabric (= 2021.07.22.00)
    - React-Core (= 0.70.10)
    - React-Fabric (= 0.70.10)
    - React-RCTImage (= 0.70.10)
  - React-RCTImage (0.70.10):
    - RCT-Folly (= 2021.07.22.00)
    - RCTTypeSafety (= 0.70.10)
    - React-Codegen (= 0.70.10)
    - React-Core/RCTImageHeaders (= 0.70.10)
    - React-jsi (= 0.70.10)
    - React-RCTNetwork (= 0.70.10)
    - ReactCommon/turbomodule/core (= 0.70.10)
  - React-RCTLinking (0.70.10):
    - React-Codegen (= 0.70.10)
    - React-Core/RCTLinkingHeaders (= 0.70.10)
    - React-jsi (= 0.70.10)
    - ReactCommon/turbomodule/core (= 0.70.10)
  - React-RCTNetwork (0.70.10):
    - RCT-Folly (= 2021.07.22.00)
    - RCTTypeSafety (= 0.70.10)
    - React-Codegen (= 0.70.10)
    - React-Core/RCTNetworkHeaders (= 0.70.10)
    - React-jsi (= 0.70.10)
    - ReactCommon/turbomodule/core (= 0.70.10)
  - React-RCTSettings (0.70.10):
    - RCT-Folly (= 2021.07.22.00)
    - RCTTypeSafety (= 0.70.10)
    - React-Codegen (= 0.70.10)
    - React-Core/RCTSettingsHeaders (= 0.70.10)
    - React-jsi (= 0.70.10)
    - ReactCommon/turbomodule/core (= 0.70.10)
  - React-RCTText (0.70.10):
    - React-Core/RCTTextHeaders (= 0.70.10)
  - React-RCTVibration (0.70.10):
    - RCT-Folly (= 2021.07.22.00)
    - React-Codegen (= 0.70.10)
    - React-Core/RCTVibrationHeaders (= 0.70.10)
    - React-jsi (= 0.70.10)
    - ReactCommon/turbomodule/core (= 0.70.10)
  - React-rncore (0.70.10)
  - React-runtimeexecutor (0.70.10):
    - React-jsi (= 0.70.10)
  - ReactCommon/turbomodule/core (0.70.10):
    - DoubleConversion
    - glog
    - RCT-Folly (= 2021.07.22.00)
    - React-bridging (= 0.70.10)
    - React-callinvoker (= 0.70.10)
    - React-Core (= 0.70.10)
    - React-cxxreact (= 0.70.10)
    - React-jsi (= 0.70.10)
    - React-logger (= 0.70.10)
    - React-perflogger (= 0.70.10)
  - RNScreens (3.17.0):
    - RCT-Folly
    - RCTRequired
    - RCTTypeSafety
    - React
    - React-Codegen
    - React-RCTFabric
    - ReactCommon/turbomodule/core
    - RNScreens/common (= 3.17.0)
  - RNScreens/common (3.17.0):
    - RCT-Folly
    - RCTRequired
    - RCTTypeSafety
    - React
    - React-Codegen
    - React-RCTFabric
    - ReactCommon/turbomodule/core
  - Yoga (1.14.0)

DEPENDENCIES:
  - boost (from `../node_modules/react-native/third-party-podspecs/boost.podspec`)
  - DoubleConversion (from `../node_modules/react-native/third-party-podspecs/DoubleConversion.podspec`)
  - FBLazyVector (from `../node_modules/react-native/Libraries/FBLazyVector`)
  - FBReactNativeSpec (from `../node_modules/react-native/React/FBReactNativeSpec`)
  - glog (from `../node_modules/react-native/third-party-podspecs/glog.podspec`)
  - hermes-engine (from `../node_modules/react-native/sdks/hermes/hermes-engine.podspec`)
  - libevent (~> 2.1.12)
  - RCT-Folly (from `../node_modules/react-native/third-party-podspecs/RCT-Folly.podspec`)
  - RCT-Folly/Fabric (from `../node_modules/react-native/third-party-podspecs/RCT-Folly.podspec`)
  - RCTRequired (from `../node_modules/react-native/Libraries/RCTRequired`)
  - RCTTypeSafety (from `../node_modules/react-native/Libraries/TypeSafety`)
  - React (from `../node_modules/react-native/`)
  - React-bridging (from `../node_modules/react-native/ReactCommon`)
  - React-callinvoker (from `../node_modules/react-native/ReactCommon/callinvoker`)
  - React-Codegen (from `build/generated/ios`)
  - React-Core (from `../node_modules/react-native/`)
  - React-Core/RCTWebSocket (from `../node_modules/react-native/`)
  - React-CoreModules (from `../node_modules/react-native/React/CoreModules`)
  - React-cxxreact (from `../node_modules/react-native/ReactCommon/cxxreact`)
  - React-Fabric (from `../node_modules/react-native/ReactCommon`)
  - React-graphics (from `../node_modules/react-native/ReactCommon/react/renderer/graphics`)
  - React-hermes (from `../node_modules/react-native/ReactCommon/hermes`)
  - React-jsi (from `../node_modules/react-native/ReactCommon/jsi`)
  - React-jsi/Fabric (from `../node_modules/react-native/ReactCommon/jsi`)
  - React-jsiexecutor (from `../node_modules/react-native/ReactCommon/jsiexecutor`)
  - React-jsinspector (from `../node_modules/react-native/ReactCommon/jsinspector`)
  - React-logger (from `../node_modules/react-native/ReactCommon/logger`)
  - react-native-background-timer (from `../node_modules/react-native-background-timer`)
  - react-native-geolocation (from `../..`)
  - react-native-safe-area-context (from `../node_modules/react-native-safe-area-context`)
  - React-perflogger (from `../node_modules/react-native/ReactCommon/reactperflogger`)
  - React-RCTActionSheet (from `../node_modules/react-native/Libraries/ActionSheetIOS`)
  - React-RCTAnimation (from `../node_modules/react-native/Libraries/NativeAnimation`)
  - React-RCTBlob (from `../node_modules/react-native/Libraries/Blob`)
  - React-RCTFabric (from `../node_modules/react-native/React`)
  - React-RCTImage (from `../node_modules/react-native/Libraries/Image`)
  - React-RCTLinking (from `../node_modules/react-native/Libraries/LinkingIOS`)
  - React-RCTNetwork (from `../node_modules/react-native/Libraries/Network`)
  - React-RCTSettings (from `../node_modules/react-native/Libraries/Settings`)
  - React-RCTText (from `../node_modules/react-native/Libraries/Text`)
  - React-RCTVibration (from `../node_modules/react-native/Libraries/Vibration`)
  - React-rncore (from `../node_modules/react-native/ReactCommon`)
  - React-runtimeexecutor (from `../node_modules/react-native/ReactCommon/runtimeexecutor`)
  - ReactCommon/turbomodule/core (from `../node_modules/react-native/ReactCommon`)
  - RNScreens (from `../node_modules/react-native-screens`)
  - Yoga (from `../node_modules/react-native/ReactCommon/yoga`)

SPEC REPOS:
  trunk:
    - fmt
    - libevent

EXTERNAL SOURCES:
  boost:
    :podspec: "../node_modules/react-native/third-party-podspecs/boost.podspec"
  DoubleConversion:
    :podspec: "../node_modules/react-native/third-party-podspecs/DoubleConversion.podspec"
  FBLazyVector:
    :path: "../node_modules/react-native/Libraries/FBLazyVector"
  FBReactNativeSpec:
    :path: "../node_modules/react-native/React/FBReactNativeSpec"
  glog:
    :podspec: "../node_modules/react-native/third-party-podspecs/glog.podspec"
  hermes-engine:
    :podspec: "../node_modules/react-native/sdks/hermes/hermes-engine.podspec"
  RCT-Folly:
    :podspec: "../node_modules/react-native/third-party-podspecs/RCT-Folly.podspec"
  RCTRequired:
    :path: "../node_modules/react-native/Libraries/RCTRequired"
  RCTTypeSafety:
    :path: "../node_modules/react-native/Libraries/TypeSafety"
  React:
    :path: "../node_modules/react-native/"
  React-bridging:
    :path: "../node_modules/react-native/ReactCommon"
  React-callinvoker:
    :path: "../node_modules/react-native/ReactCommon/callinvoker"
  React-Codegen:
    :path: build/generated/ios
  React-Core:
    :path: "../node_modules/react-native/"
  React-CoreModules:
    :path: "../node_modules/react-native/React/CoreModules"
  React-cxxreact:
    :path: "../node_modules/react-native/ReactCommon/cxxreact"
  React-Fabric:
    :path: "../node_modules/react-native/ReactCommon"
  React-graphics:
    :path: "../node_modules/react-native/ReactCommon/react/renderer/graphics"
  React-hermes:
    :path: "../node_modules/react-native/ReactCommon/hermes"
  React-jsi:
    :path: "../node_modules/react-native/ReactCommon/jsi"
  React-jsiexecutor:
    :path: "../node_modules/react-native/ReactCommon/jsiexecutor"
  React-jsinspector:
    :path: "../node_modules/react-native/ReactCommon/jsinspector"
  React-logger:
    :path: "../node_modules/react-native/ReactCommon/logger"
  react-native-background-timer:
    :path: "../node_modules/react-native-background-timer"
  react-native-geolocation:
    :path: "../.."
  react-native-safe-area-context:
    :path: "../node_modules/react-native-safe-area-context"
  React-perflogger:
    :path: "../node_modules/react-native/ReactCommon/reactperflogger"
  React-RCTActionSheet:
    :path: "../node_modules/react-native/Libraries/ActionSheetIOS"
  React-RCTAnimation:
    :path: "../node_modules/react-native/Libraries/NativeAnimation"
  React-RCTBlob:
    :path: "../node_modules/react-native/Libraries/Blob"
  React-RCTFabric:
    :path: "../node_modules/react-native/React"
  React-RCTImage:
    :path: "../node_modules/react-native/Libraries/Image"
  React-RCTLinking:
    :path: "../node_modules/react-native/Libraries/LinkingIOS"
  React-RCTNetwork:
    :path: "../node_modules/react-native/Libraries/Network"
  React-RCTSettings:
    :path: "../node_modules/react-native/Libraries/Settings"
  React-RCTText:
    :path: "../node_modules/react-native/Libraries/Text"
  React-RCTVibration:
    :path: "../node_modules/react-native/Libraries/Vibration"
  React-rncore:
    :path: "../node_modules/react-native/ReactCommon"
  React-runtimeexecutor:
    :path: "../node_modules/react-native/ReactCommon/runtimeexecutor"
  ReactCommon:
    :path: "../node_modules/react-native/ReactCommon"
  RNScreens:
    :path: "../node_modules/react-native-screens"
  Yoga:
    :path: "../node_modules/react-native/ReactCommon/yoga"

SPEC CHECKSUMS:
  boost: a7c83b31436843459a1961bfd74b96033dc77234
  DoubleConversion: 5189b271737e1565bdce30deb4a08d647e3f5f54
  FBLazyVector: 4d79ff044f28bf8ebf735074332e7a6c54e268f0
  FBReactNativeSpec: 7b14aca5a9e4c7606b095f1038472c39c5a66bae
  fmt: ff9d55029c625d3757ed641535fd4a75fedc7ce9
  glog: 04b94705f318337d7ead9e6d17c019bd9b1f6b1b
  hermes-engine: 409b787d72bde225a3e5ce982f9c3ace6ff56691
  libevent: 4049cae6c81cdb3654a443be001fb9bdceff7913
  RCT-Folly: 0080d0a6ebf2577475bda044aa59e2ca1f909cda
  RCTRequired: 23f0d5d0dea22af22f30f146e090a7d16e6b8be7
  RCTTypeSafety: ca3de65d46a130875bf7816788998f13525f3235
  React: 5000106ef4132dad19f8a68dae76c987a5e33182
  React-bridging: d0b73f09bb4c83eb2e518ce28cb6ebedd4228ff1
  React-callinvoker: 6b14487211b7378f68602bbf2b3ae6513259339d
  React-Codegen: 388fda8ea0eb97de6565bbf829c2bc3cdd171be5
  React-Core: 9348315d44f12995a55ee5d61b0f81a8829b2bfe
  React-CoreModules: 371d09d749b983527ac15d8368b49df7ce77ada9
  React-cxxreact: d1b7e6da62d6968d1c8d46c3bb39372c3131d09e
  React-Fabric: f78cc274ba170def8ae5adfe86c18f8cfdd7dd78
  React-graphics: 8275f8296376ede000f7c85113cb2bf97c17296d
  React-hermes: f7c2a23a69ba46ab0fc2a9a4992c6f0c1dac6823
  React-jsi: c2cef15ce81a1150fac10e0b3f6ad9803bdec51b
  React-jsiexecutor: 1457c7bb2f08f257e6b5ece8b62348da43c4ccf2
  React-jsinspector: 2a1985769123b199c195a96f46478b35db139712
  React-logger: 7fbdc3576b2ed3834360c8ea3c1c2ec54ac3043a
  react-native-background-timer: 17ea5e06803401a379ebf1f20505b793ac44d0fe
  react-native-geolocation: a4df6c9ef98f624737b40c9e3d709eec1bff6ea7
  react-native-safe-area-context: 0dfc8e3a7d5ff115d100bafe4269d64a2c0a1456
  React-perflogger: f86e85eb59151d09e9b44b8931f5c088e4f08bbc
  React-RCTActionSheet: cd3d76501a6069e164986b93f144be34b593955c
  React-RCTAnimation: 2d09db635202e5d6f66de596f5a6b38389fe76ec
  React-RCTBlob: 4440a5ce3daa94b4dad8f23d8d7acc0c5ced99ff
  React-RCTFabric: d818859f63710aa6125c2f9372a0f539c8a7e1ea
  React-RCTImage: a6f1d5b74b6d6607217bf10512957440130445bb
  React-RCTLinking: c1ed0517e16591da5f783c88bbee6d408f48ef42
  React-RCTNetwork: 04f158cf31efb1d23d70163d45e148c62fd5a56c
  React-RCTSettings: 567bb65866245fb96f2151f80dd40c35ded425a4
  React-RCTText: e1ee68343ccaa3f03a84b48b513fdf59b01bc97d
  React-RCTVibration: 0b23ba09f2f6671a1ddee3c37d27b772b9448346
  React-rncore: 7c2cf1152d11ab327ec906bfd2060fa339698dbe
  React-runtimeexecutor: 77aa3714a353cfb1a5f5e315e8af5154cd3d9402
  ReactCommon: a29dac86d7219579db079cef8f380ebffe1ba545
  RNScreens: e2cd04caa74748a6e42609a7b84f76c71d70a6ee
  Yoga: 0518155cfbcc68c56223422f6a20a71b82e307d2

PODFILE CHECKSUM: fd0a9b0c025fdffd0d1760eb77f3cbf23faf9222

COCOAPODS: 1.12.1
